
Microsoft Visual Studio Solution File, Format Version 12.00
# Visual Studio Version 17
VisualStudioVersion = 17.2.32630.192
MinimumVisualStudioVersion = 10.0.40219.1
Project("{9A19103F-16F7-4668-BE54-9A1E7A4F7556}") = "WebAPIMock", "WebAPIMock\WebAPIMock.csproj", "{6082AB94-213E-4A0A-B92F-85544AE505E3}"
EndProject
Project("{9A19103F-16F7-4668-BE54-9A1E7A4F7556}") = "InfraMiggration", "Repositorio\InfraMiggration.csproj", "{12C2F6F8-79CE-4852-942F-C196721DD08E}"
EndProject
Project("{2150E333-8FDC-42A3-9474-1A3956D46DE8}") = "2 - Migrations", "2 - Migrations", "{00818A12-E0FC-4A89-8C7A-51D10ADAE500}"
EndProject
Project("{2150E333-8FDC-42A3-9474-1A3956D46DE8}") = "0 - ComandosEUtilities", "0 - ComandosEUtilities", "{89B59F31-AD50-4F51-8704-3DAD7443D189}"
	ProjectSection(SolutionItems) = preProject
		ComandosEF.txt = ComandosEF.txt
	EndProjectSection
EndProject
Project("{9A19103F-16F7-4668-BE54-9A1E7A4F7556}") = "HeroMicroservice.CrossCutting.IOC", "APIMock.CrossCutting.IOC\HeroMicroservice.CrossCutting.IOC.csproj", "{935E402F-4FBB-451F-B6ED-8CB7025AF12D}"
EndProject
Project("{9A19103F-16F7-4668-BE54-9A1E7A4F7556}") = "HeroMicroservice.AutoMapper", "ApiMock.AutoMapper\HeroMicroservice.AutoMapper.csproj", "{04872A2F-8430-457E-973F-4392D2A398B7}"
EndProject
Project("{9A19103F-16F7-4668-BE54-9A1E7A4F7556}") = "HeroMicroservice.DTO", "MockApi.DTO\HeroMicroservice.DTO.csproj", "{5FEE2006-883D-4074-BDD2-D77EBD58364F}"
EndProject
Project("{2150E333-8FDC-42A3-9474-1A3956D46DE8}") = "3 - Utilities - Framework", "3 - Utilities - Framework", "{D3B78B65-BB1D-44A1-8F7C-C75B628C082D}"
EndProject
Project("{9A19103F-16F7-4668-BE54-9A1E7A4F7556}") = "HerosHandles", "HerosHandles\HerosHandles.csproj", "{E84EC672-78E8-4555-81E7-E32CD3FC698A}"
EndProject
Project("{9A19103F-16F7-4668-BE54-9A1E7A4F7556}") = "Repository.Utilities.CrossCutting", "Repository.Utilities.CrossCutting\Repository.Utilities.CrossCutting.csproj", "{8BDDF1FE-1262-47E8-A54E-82859F53332C}"
EndProject
Project("{9A19103F-16F7-4668-BE54-9A1E7A4F7556}") = "Repository.HeroMicroservice", "Repository.Hero\Repository.HeroMicroservice.csproj", "{A70DD164-8F14-4439-8FF4-4B62773EFCE9}"
EndProject
Project("{9A19103F-16F7-4668-BE54-9A1E7A4F7556}") = "Dominio.HeroMicroservice.Entities", "Dominio.HeroMicroservice.Entities\Dominio.HeroMicroservice.Entities.csproj", "{98D64B32-0981-4026-B7CA-18D50C651CCA}"
EndProject
Project("{9A19103F-16F7-4668-BE54-9A1E7A4F7556}") = "Domain.HeroMicroservice.Services", "Domain.HeroMicroservice.Services\Domain.HeroMicroservice.Services.csproj", "{DAAE7489-7C30-438A-BCF5-5577925B2CD3}"
EndProject
Project("{9A19103F-16F7-4668-BE54-9A1E7A4F7556}") = "Domain.Utilities.CrossCutting", "Domain.Utilities.CrossCutting\Domain.Utilities.CrossCutting.csproj", "{3875EE87-E11B-4D98-B542-B7EEE6655A06}"
EndProject
Project("{2150E333-8FDC-42A3-9474-1A3956D46DE8}") = "1 - MicroServices", "1 - MicroServices", "{B0CABD21-A521-4AC8-8EBB-B63585E584C7}"
EndProject
Project("{2150E333-8FDC-42A3-9474-1A3956D46DE8}") = "1 - API", "1 - API", "{C0DAB378-5573-4BA3-822A-69CA3DBCA463}"
EndProject
Project("{2150E333-8FDC-42A3-9474-1A3956D46DE8}") = "2 - Middleware", "2 - Middleware", "{12DF4E52-24E1-4445-9714-9619A6C8C247}"
EndProject
Project("{2150E333-8FDC-42A3-9474-1A3956D46DE8}") = "3 - Domain", "3 - Domain", "{8AC5BD20-3607-4443-83B2-11406BE18AEA}"
EndProject
Project("{2150E333-8FDC-42A3-9474-1A3956D46DE8}") = "4 - Repository", "4 - Repository", "{280AB2A8-3D08-4C9D-AB17-49C7A3964115}"
EndProject
Project("{2150E333-8FDC-42A3-9474-1A3956D46DE8}") = "1.1 - HeroMicroService", "1.1 - HeroMicroService", "{49650926-9A90-4971-9AB7-59EC07E75486}"
EndProject
Project("{2150E333-8FDC-42A3-9474-1A3956D46DE8}") = "1.2 - ShoppingCartMicroService", "1.2 - ShoppingCartMicroService", "{C8704FB3-078D-4487-85A4-CA92A8F75CB4}"
EndProject
Project("{2150E333-8FDC-42A3-9474-1A3956D46DE8}") = "1 - API", "1 - API", "{B7E2EAB9-9A63-454B-AA72-9CB5C20BF40A}"
EndProject
Project("{2150E333-8FDC-42A3-9474-1A3956D46DE8}") = "2 - Middleware", "2 - Middleware", "{DBABC565-0D8E-4559-BC71-5049C8AE6F8B}"
EndProject
Project("{2150E333-8FDC-42A3-9474-1A3956D46DE8}") = "3 - Domain", "3 - Domain", "{AC67B66E-D88E-4F63-B6EF-12D6E98FEBBE}"
EndProject
Project("{2150E333-8FDC-42A3-9474-1A3956D46DE8}") = "4 - Repository", "4 - Repository", "{0172FCEA-0E73-4581-B4B6-2F8B412B237D}"
EndProject
Global
	GlobalSection(SolutionConfigurationPlatforms) = preSolution
		Debug|Any CPU = Debug|Any CPU
		Release|Any CPU = Release|Any CPU
	EndGlobalSection
	GlobalSection(ProjectConfigurationPlatforms) = postSolution
		{6082AB94-213E-4A0A-B92F-85544AE505E3}.Debug|Any CPU.ActiveCfg = Debug|Any CPU
		{6082AB94-213E-4A0A-B92F-85544AE505E3}.Debug|Any CPU.Build.0 = Debug|Any CPU
		{6082AB94-213E-4A0A-B92F-85544AE505E3}.Release|Any CPU.ActiveCfg = Release|Any CPU
		{6082AB94-213E-4A0A-B92F-85544AE505E3}.Release|Any CPU.Build.0 = Release|Any CPU
		{12C2F6F8-79CE-4852-942F-C196721DD08E}.Debug|Any CPU.ActiveCfg = Debug|Any CPU
		{12C2F6F8-79CE-4852-942F-C196721DD08E}.Debug|Any CPU.Build.0 = Debug|Any CPU
		{12C2F6F8-79CE-4852-942F-C196721DD08E}.Release|Any CPU.ActiveCfg = Release|Any CPU
		{12C2F6F8-79CE-4852-942F-C196721DD08E}.Release|Any CPU.Build.0 = Release|Any CPU
		{935E402F-4FBB-451F-B6ED-8CB7025AF12D}.Debug|Any CPU.ActiveCfg = Debug|Any CPU
		{935E402F-4FBB-451F-B6ED-8CB7025AF12D}.Debug|Any CPU.Build.0 = Debug|Any CPU
		{935E402F-4FBB-451F-B6ED-8CB7025AF12D}.Release|Any CPU.ActiveCfg = Release|Any CPU
		{935E402F-4FBB-451F-B6ED-8CB7025AF12D}.Release|Any CPU.Build.0 = Release|Any CPU
		{04872A2F-8430-457E-973F-4392D2A398B7}.Debug|Any CPU.ActiveCfg = Debug|Any CPU
		{04872A2F-8430-457E-973F-4392D2A398B7}.Debug|Any CPU.Build.0 = Debug|Any CPU
		{04872A2F-8430-457E-973F-4392D2A398B7}.Release|Any CPU.ActiveCfg = Release|Any CPU
		{04872A2F-8430-457E-973F-4392D2A398B7}.Release|Any CPU.Build.0 = Release|Any CPU
		{5FEE2006-883D-4074-BDD2-D77EBD58364F}.Debug|Any CPU.ActiveCfg = Debug|Any CPU
		{5FEE2006-883D-4074-BDD2-D77EBD58364F}.Debug|Any CPU.Build.0 = Debug|Any CPU
		{5FEE2006-883D-4074-BDD2-D77EBD58364F}.Release|Any CPU.ActiveCfg = Release|Any CPU
		{5FEE2006-883D-4074-BDD2-D77EBD58364F}.Release|Any CPU.Build.0 = Release|Any CPU
		{E84EC672-78E8-4555-81E7-E32CD3FC698A}.Debug|Any CPU.ActiveCfg = Debug|Any CPU
		{E84EC672-78E8-4555-81E7-E32CD3FC698A}.Debug|Any CPU.Build.0 = Debug|Any CPU
		{E84EC672-78E8-4555-81E7-E32CD3FC698A}.Release|Any CPU.ActiveCfg = Release|Any CPU
		{E84EC672-78E8-4555-81E7-E32CD3FC698A}.Release|Any CPU.Build.0 = Release|Any CPU
		{8BDDF1FE-1262-47E8-A54E-82859F53332C}.Debug|Any CPU.ActiveCfg = Debug|Any CPU
		{8BDDF1FE-1262-47E8-A54E-82859F53332C}.Debug|Any CPU.Build.0 = Debug|Any CPU
		{8BDDF1FE-1262-47E8-A54E-82859F53332C}.Release|Any CPU.ActiveCfg = Release|Any CPU
		{8BDDF1FE-1262-47E8-A54E-82859F53332C}.Release|Any CPU.Build.0 = Release|Any CPU
		{A70DD164-8F14-4439-8FF4-4B62773EFCE9}.Debug|Any CPU.ActiveCfg = Debug|Any CPU
		{A70DD164-8F14-4439-8FF4-4B62773EFCE9}.Debug|Any CPU.Build.0 = Debug|Any CPU
		{A70DD164-8F14-4439-8FF4-4B62773EFCE9}.Release|Any CPU.ActiveCfg = Release|Any CPU
		{A70DD164-8F14-4439-8FF4-4B62773EFCE9}.Release|Any CPU.Build.0 = Release|Any CPU
		{98D64B32-0981-4026-B7CA-18D50C651CCA}.Debug|Any CPU.ActiveCfg = Debug|Any CPU
		{98D64B32-0981-4026-B7CA-18D50C651CCA}.Debug|Any CPU.Build.0 = Debug|Any CPU
		{98D64B32-0981-4026-B7CA-18D50C651CCA}.Release|Any CPU.ActiveCfg = Release|Any CPU
		{98D64B32-0981-4026-B7CA-18D50C651CCA}.Release|Any CPU.Build.0 = Release|Any CPU
		{DAAE7489-7C30-438A-BCF5-5577925B2CD3}.Debug|Any CPU.ActiveCfg = Debug|Any CPU
		{DAAE7489-7C30-438A-BCF5-5577925B2CD3}.Debug|Any CPU.Build.0 = Debug|Any CPU
		{DAAE7489-7C30-438A-BCF5-5577925B2CD3}.Release|Any CPU.ActiveCfg = Release|Any CPU
		{DAAE7489-7C30-438A-BCF5-5577925B2CD3}.Release|Any CPU.Build.0 = Release|Any CPU
		{3875EE87-E11B-4D98-B542-B7EEE6655A06}.Debug|Any CPU.ActiveCfg = Debug|Any CPU
		{3875EE87-E11B-4D98-B542-B7EEE6655A06}.Debug|Any CPU.Build.0 = Debug|Any CPU
		{3875EE87-E11B-4D98-B542-B7EEE6655A06}.Release|Any CPU.ActiveCfg = Release|Any CPU
		{3875EE87-E11B-4D98-B542-B7EEE6655A06}.Release|Any CPU.Build.0 = Release|Any CPU
	EndGlobalSection
	GlobalSection(SolutionProperties) = preSolution
		HideSolutionNode = FALSE
	EndGlobalSection
	GlobalSection(NestedProjects) = preSolution
		{6082AB94-213E-4A0A-B92F-85544AE505E3} = {C0DAB378-5573-4BA3-822A-69CA3DBCA463}
		{12C2F6F8-79CE-4852-942F-C196721DD08E} = {00818A12-E0FC-4A89-8C7A-51D10ADAE500}
		{935E402F-4FBB-451F-B6ED-8CB7025AF12D} = {12DF4E52-24E1-4445-9714-9619A6C8C247}
		{04872A2F-8430-457E-973F-4392D2A398B7} = {12DF4E52-24E1-4445-9714-9619A6C8C247}
		{5FEE2006-883D-4074-BDD2-D77EBD58364F} = {12DF4E52-24E1-4445-9714-9619A6C8C247}
		{E84EC672-78E8-4555-81E7-E32CD3FC698A} = {8AC5BD20-3607-4443-83B2-11406BE18AEA}
		{8BDDF1FE-1262-47E8-A54E-82859F53332C} = {D3B78B65-BB1D-44A1-8F7C-C75B628C082D}
		{A70DD164-8F14-4439-8FF4-4B62773EFCE9} = {280AB2A8-3D08-4C9D-AB17-49C7A3964115}
		{98D64B32-0981-4026-B7CA-18D50C651CCA} = {8AC5BD20-3607-4443-83B2-11406BE18AEA}
		{DAAE7489-7C30-438A-BCF5-5577925B2CD3} = {8AC5BD20-3607-4443-83B2-11406BE18AEA}
		{3875EE87-E11B-4D98-B542-B7EEE6655A06} = {D3B78B65-BB1D-44A1-8F7C-C75B628C082D}
		{C0DAB378-5573-4BA3-822A-69CA3DBCA463} = {49650926-9A90-4971-9AB7-59EC07E75486}
		{12DF4E52-24E1-4445-9714-9619A6C8C247} = {49650926-9A90-4971-9AB7-59EC07E75486}
		{8AC5BD20-3607-4443-83B2-11406BE18AEA} = {49650926-9A90-4971-9AB7-59EC07E75486}
		{280AB2A8-3D08-4C9D-AB17-49C7A3964115} = {49650926-9A90-4971-9AB7-59EC07E75486}
		{49650926-9A90-4971-9AB7-59EC07E75486} = {B0CABD21-A521-4AC8-8EBB-B63585E584C7}
		{C8704FB3-078D-4487-85A4-CA92A8F75CB4} = {B0CABD21-A521-4AC8-8EBB-B63585E584C7}
		{B7E2EAB9-9A63-454B-AA72-9CB5C20BF40A} = {C8704FB3-078D-4487-85A4-CA92A8F75CB4}
		{DBABC565-0D8E-4559-BC71-5049C8AE6F8B} = {C8704FB3-078D-4487-85A4-CA92A8F75CB4}
		{AC67B66E-D88E-4F63-B6EF-12D6E98FEBBE} = {C8704FB3-078D-4487-85A4-CA92A8F75CB4}
		{0172FCEA-0E73-4581-B4B6-2F8B412B237D} = {C8704FB3-078D-4487-85A4-CA92A8F75CB4}
	EndGlobalSection
	GlobalSection(ExtensibilityGlobals) = postSolution
		SolutionGuid = {EF840632-9374-48A7-A2D5-44ADB5A105DD}
	EndGlobalSection
EndGlobal
